
Microsoft Visual Studio Solution File, Format Version 12.00
# Visual Studio Version 17
VisualStudioVersion = 17.11.35327.3
MinimumVisualStudioVersion = 10.0.40219.1
Project("{FAE04EC0-301F-11D3-BF4B-00C04F79EFBC}") = "PrimeiroMVC", "PrimeiroMVC.csproj", "{3DDA21F3-9FB6-46E3-942A-AD3D232EF670}"
EndProject
Global
	GlobalSection(SolutionConfigurationPlatforms) = preSolution
		Debug|Any CPU = Debug|Any CPU
		Release|Any CPU = Release|Any CPU
	EndGlobalSection
	GlobalSection(ProjectConfigurationPlatforms) = postSolution
		{3DDA21F3-9FB6-46E3-942A-AD3D232EF670}.Debug|Any CPU.ActiveCfg = Debug|Any CPU
		{3DDA21F3-9FB6-46E3-942A-AD3D232EF670}.Debug|Any CPU.Build.0 = Debug|Any CPU
		{3DDA21F3-9FB6-46E3-942A-AD3D232EF670}.Release|Any CPU.ActiveCfg = Release|Any CPU
		{3DDA21F3-9FB6-46E3-942A-AD3D232EF670}.Release|Any CPU.Build.0 = Release|Any CPU
	EndGlobalSection
	GlobalSection(SolutionProperties) = preSolution
		HideSolutionNode = FALSE
	EndGlobalSection
	GlobalSection(ExtensibilityGlobals) = postSolution
		SolutionGuid = {5AE5D045-CFC6-46BC-B76B-1B07FC3FA630}
	EndGlobalSection
EndGlobal
